
Microsoft Visual Studio Solution File, Format Version 12.00
# Visual Studio Version 17
VisualStudioVersion = 17.14.36414.22
MinimumVisualStudioVersion = 10.0.40219.1
Project("{FAE04EC0-301F-11D3-BF4B-00C04F79EFBC}") = "Mediator", "Mediator.csproj", "{F9C2ECE4-5E8A-4273-8ACC-2CBDF4B9EC26}"
EndProject
Project("{FAE04EC0-301F-11D3-BF4B-00C04F79EFBC}") = "Mediator.Tests", "..\Mediator.Tests\Mediator.Tests.csproj", "{219E053C-77A8-6852-5AB7-1F0BD81F943B}"
EndProject
Global
	GlobalSection(SolutionConfigurationPlatforms) = preSolution
		Debug|Any CPU = Debug|Any CPU
		Release|Any CPU = Release|Any CPU
	EndGlobalSection
	GlobalSection(ProjectConfigurationPlatforms) = postSolution
		{F9C2ECE4-5E8A-4273-8ACC-2CBDF4B9EC26}.Debug|Any CPU.ActiveCfg = Debug|Any CPU
		{F9C2ECE4-5E8A-4273-8ACC-2CBDF4B9EC26}.Debug|Any CPU.Build.0 = Debug|Any CPU
		{F9C2ECE4-5E8A-4273-8ACC-2CBDF4B9EC26}.Release|Any CPU.ActiveCfg = Release|Any CPU
		{F9C2ECE4-5E8A-4273-8ACC-2CBDF4B9EC26}.Release|Any CPU.Build.0 = Release|Any CPU
		{219E053C-77A8-6852-5AB7-1F0BD81F943B}.Debug|Any CPU.ActiveCfg = Debug|Any CPU
		{219E053C-77A8-6852-5AB7-1F0BD81F943B}.Debug|Any CPU.Build.0 = Debug|Any CPU
		{219E053C-77A8-6852-5AB7-1F0BD81F943B}.Release|Any CPU.ActiveCfg = Release|Any CPU
		{219E053C-77A8-6852-5AB7-1F0BD81F943B}.Release|Any CPU.Build.0 = Release|Any CPU
	EndGlobalSection
	GlobalSection(SolutionProperties) = preSolution
		HideSolutionNode = FALSE
	EndGlobalSection
	GlobalSection(ExtensibilityGlobals) = postSolution
		SolutionGuid = {04A58A37-AFA2-4EC8-993D-9B3C52370B96}
	EndGlobalSection
EndGlobal
